
Microsoft Visual Studio Solution File, Format Version 12.00
# Visual Studio 15
VisualStudioVersion = 15.0.28307.572
MinimumVisualStudioVersion = 10.0.40219.1
Project("{FAE04EC0-301F-11D3-BF4B-00C04F79EFBC}") = "Vpn", "Vpn\Vpn.csproj", "{81BFC9DA-150C-4C18-BD8E-9C1E444B11D0}"
EndProject
Global
	GlobalSection(SolutionConfigurationPlatforms) = preSolution
		Debug|Any CPU = Debug|Any CPU
		Release|Any CPU = Release|Any CPU
	EndGlobalSection
	GlobalSection(ProjectConfigurationPlatforms) = postSolution
		{81BFC9DA-150C-4C18-BD8E-9C1E444B11D0}.Debug|Any CPU.ActiveCfg = Debug|Any CPU
		{81BFC9DA-150C-4C18-BD8E-9C1E444B11D0}.Debug|Any CPU.Build.0 = Debug|Any CPU
		{81BFC9DA-150C-4C18-BD8E-9C1E444B11D0}.Release|Any CPU.ActiveCfg = Release|Any CPU
		{81BFC9DA-150C-4C18-BD8E-9C1E444B11D0}.Release|Any CPU.Build.0 = Release|Any CPU
	EndGlobalSection
	GlobalSection(SolutionProperties) = preSolution
		HideSolutionNode = FALSE
	EndGlobalSection
	GlobalSection(ExtensibilityGlobals) = postSolution
		SolutionGuid = {4D7A41FF-FF5A-4726-BD0A-66FE1BDC5906}
	EndGlobalSection
EndGlobal
